
Microsoft Visual Studio Solution File, Format Version 12.00
Project("{FAE04EC0-301F-11D3-BF4B-00C04F79EFBC}") = "Gentle-CS6", "Gentle-CS6\Gentle-CS6.csproj", "{216094DF-AA47-4E99-93D7-8CF813E1DD37}"
EndProject
Global
	GlobalSection(SolutionConfigurationPlatforms) = preSolution
		Debug|Any CPU = Debug|Any CPU
		Release|Any CPU = Release|Any CPU
	EndGlobalSection
	GlobalSection(ProjectConfigurationPlatforms) = postSolution
		{216094DF-AA47-4E99-93D7-8CF813E1DD37}.Debug|Any CPU.ActiveCfg = Debug|Any CPU
		{216094DF-AA47-4E99-93D7-8CF813E1DD37}.Debug|Any CPU.Build.0 = Debug|Any CPU
		{216094DF-AA47-4E99-93D7-8CF813E1DD37}.Release|Any CPU.ActiveCfg = Release|Any CPU
		{216094DF-AA47-4E99-93D7-8CF813E1DD37}.Release|Any CPU.Build.0 = Release|Any CPU
	EndGlobalSection
EndGlobal
